
Microsoft Visual Studio Solution File, Format Version 12.00
# Visual Studio Version 16
VisualStudioVersion = 16.0.29025.244
MinimumVisualStudioVersion = 10.0.40219.1
Project("{9A19103F-16F7-4668-BE54-9A1E7A4F7556}") = "MPack", "MPack\MPack.csproj", "{F28667F7-2F93-457A-9C1F-241C609DF18A}"
EndProject
Project("{9A19103F-16F7-4668-BE54-9A1E7A4F7556}") = "ConsoleTest", "ConsoleTest\ConsoleTest.csproj", "{45CF3231-1209-4E16-8975-2A95608D5DC6}"
EndProject
Project("{9A19103F-16F7-4668-BE54-9A1E7A4F7556}") = "MPack.Tests", "MPack.Tests\MPack.Tests.csproj", "{2E259223-0439-4FF9-9FFD-BA2CBC83FA74}"
EndProject
Global
	GlobalSection(SolutionConfigurationPlatforms) = preSolution
		Debug|Any CPU = Debug|Any CPU
		Release|Any CPU = Release|Any CPU
	EndGlobalSection
	GlobalSection(ProjectConfigurationPlatforms) = postSolution
		{F28667F7-2F93-457A-9C1F-241C609DF18A}.Debug|Any CPU.ActiveCfg = Debug|Any CPU
		{F28667F7-2F93-457A-9C1F-241C609DF18A}.Debug|Any CPU.Build.0 = Debug|Any CPU
		{F28667F7-2F93-457A-9C1F-241C609DF18A}.Release|Any CPU.ActiveCfg = Release|Any CPU
		{F28667F7-2F93-457A-9C1F-241C609DF18A}.Release|Any CPU.Build.0 = Release|Any CPU
		{45CF3231-1209-4E16-8975-2A95608D5DC6}.Debug|Any CPU.ActiveCfg = Debug|Any CPU
		{45CF3231-1209-4E16-8975-2A95608D5DC6}.Debug|Any CPU.Build.0 = Debug|Any CPU
		{45CF3231-1209-4E16-8975-2A95608D5DC6}.Release|Any CPU.ActiveCfg = Release|Any CPU
		{45CF3231-1209-4E16-8975-2A95608D5DC6}.Release|Any CPU.Build.0 = Release|Any CPU
		{2E259223-0439-4FF9-9FFD-BA2CBC83FA74}.Debug|Any CPU.ActiveCfg = Debug|Any CPU
		{2E259223-0439-4FF9-9FFD-BA2CBC83FA74}.Debug|Any CPU.Build.0 = Debug|Any CPU
		{2E259223-0439-4FF9-9FFD-BA2CBC83FA74}.Release|Any CPU.ActiveCfg = Release|Any CPU
		{2E259223-0439-4FF9-9FFD-BA2CBC83FA74}.Release|Any CPU.Build.0 = Release|Any CPU
	EndGlobalSection
	GlobalSection(SolutionProperties) = preSolution
		HideSolutionNode = FALSE
	EndGlobalSection
	GlobalSection(ExtensibilityGlobals) = postSolution
		SolutionGuid = {AB699F1D-179E-48CC-A026-A16E954C257A}
	EndGlobalSection
EndGlobal
